# THIS IS AN AUTOGENERATED FILE. DO NOT EDIT THIS FILE DIRECTLY.
# yarn lockfile v1


eslint-config-angular@^0.5.0:
  version "0.5.0"
  resolved "https://registry.yarnpkg.com/eslint-config-angular/-/eslint-config-angular-0.5.0.tgz#e0aae0132e39e7467df3f7547fec81a44d3685c4"

eslint-plugin-angular@^3.0.0:
  version "3.0.0"
  resolved "https://registry.yarnpkg.com/eslint-plugin-angular/-/eslint-plugin-angular-3.0.0.tgz#495dba339c9af7fe2a595547746bddd6dc3ed7d3"
